
Microsoft Visual Studio Solution File, Format Version 12.00
# Visual Studio Version 16
VisualStudioVersion = 16.0.29728.190
MinimumVisualStudioVersion = 10.0.40219.1
Project("{FAE04EC0-301F-11D3-BF4B-00C04F79EFBC}") = "EasyDeliveryUI.Android", "EasyDeliveryUI\EasyDeliveryUI.Android\EasyDeliveryUI.Android.csproj", "{C649F6CC-B89A-49DD-B2AA-43967BA2FCEA}"
EndProject
Project("{FAE04EC0-301F-11D3-BF4B-00C04F79EFBC}") = "EasyDeliveryUI.iOS", "EasyDeliveryUI\EasyDeliveryUI.iOS\EasyDeliveryUI.iOS.csproj", "{B5F1EDA7-C056-4BA5-8A5F-F093EDCE76E2}"
EndProject
Project("{9A19103F-16F7-4668-BE54-9A1E7A4F7556}") = "EasyDeliveryUI", "EasyDeliveryUI\EasyDeliveryUI\EasyDeliveryUI.csproj", "{9C9B5ECE-1830-42F8-A0F8-255DE8B05D05}"
EndProject
Global
	GlobalSection(SolutionConfigurationPlatforms) = preSolution
		Debug|Any CPU = Debug|Any CPU
		Debug|iPhone = Debug|iPhone
		Debug|iPhoneSimulator = Debug|iPhoneSimulator
		Release|Any CPU = Release|Any CPU
		Release|iPhone = Release|iPhone
		Release|iPhoneSimulator = Release|iPhoneSimulator
	EndGlobalSection
	GlobalSection(ProjectConfigurationPlatforms) = postSolution
		{C649F6CC-B89A-49DD-B2AA-43967BA2FCEA}.Debug|Any CPU.ActiveCfg = Debug|Any CPU
		{C649F6CC-B89A-49DD-B2AA-43967BA2FCEA}.Debug|Any CPU.Build.0 = Debug|Any CPU
		{C649F6CC-B89A-49DD-B2AA-43967BA2FCEA}.Debug|Any CPU.Deploy.0 = Debug|Any CPU
		{C649F6CC-B89A-49DD-B2AA-43967BA2FCEA}.Debug|iPhone.ActiveCfg = Debug|Any CPU
		{C649F6CC-B89A-49DD-B2AA-43967BA2FCEA}.Debug|iPhone.Build.0 = Debug|Any CPU
		{C649F6CC-B89A-49DD-B2AA-43967BA2FCEA}.Debug|iPhone.Deploy.0 = Debug|Any CPU
		{C649F6CC-B89A-49DD-B2AA-43967BA2FCEA}.Debug|iPhoneSimulator.ActiveCfg = Debug|Any CPU
		{C649F6CC-B89A-49DD-B2AA-43967BA2FCEA}.Debug|iPhoneSimulator.Build.0 = Debug|Any CPU
		{C649F6CC-B89A-49DD-B2AA-43967BA2FCEA}.Debug|iPhoneSimulator.Deploy.0 = Debug|Any CPU
		{C649F6CC-B89A-49DD-B2AA-43967BA2FCEA}.Release|Any CPU.ActiveCfg = Release|Any CPU
		{C649F6CC-B89A-49DD-B2AA-43967BA2FCEA}.Release|Any CPU.Build.0 = Release|Any CPU
		{C649F6CC-B89A-49DD-B2AA-43967BA2FCEA}.Release|Any CPU.Deploy.0 = Release|Any CPU
		{C649F6CC-B89A-49DD-B2AA-43967BA2FCEA}.Release|iPhone.ActiveCfg = Release|Any CPU
		{C649F6CC-B89A-49DD-B2AA-43967BA2FCEA}.Release|iPhone.Build.0 = Release|Any CPU
		{C649F6CC-B89A-49DD-B2AA-43967BA2FCEA}.Release|iPhone.Deploy.0 = Release|Any CPU
		{C649F6CC-B89A-49DD-B2AA-43967BA2FCEA}.Release|iPhoneSimulator.ActiveCfg = Release|Any CPU
		{C649F6CC-B89A-49DD-B2AA-43967BA2FCEA}.Release|iPhoneSimulator.Build.0 = Release|Any CPU
		{C649F6CC-B89A-49DD-B2AA-43967BA2FCEA}.Release|iPhoneSimulator.Deploy.0 = Release|Any CPU
		{B5F1EDA7-C056-4BA5-8A5F-F093EDCE76E2}.Debug|Any CPU.ActiveCfg = Debug|iPhoneSimulator
		{B5F1EDA7-C056-4BA5-8A5F-F093EDCE76E2}.Debug|Any CPU.Build.0 = Debug|iPhoneSimulator
		{B5F1EDA7-C056-4BA5-8A5F-F093EDCE76E2}.Debug|Any CPU.Deploy.0 = Debug|iPhoneSimulator
		{B5F1EDA7-C056-4BA5-8A5F-F093EDCE76E2}.Debug|iPhone.ActiveCfg = Debug|iPhone
		{B5F1EDA7-C056-4BA5-8A5F-F093EDCE76E2}.Debug|iPhone.Build.0 = Debug|iPhone
		{B5F1EDA7-C056-4BA5-8A5F-F093EDCE76E2}.Debug|iPhone.Deploy.0 = Debug|iPhone
		{B5F1EDA7-C056-4BA5-8A5F-F093EDCE76E2}.Debug|iPhoneSimulator.ActiveCfg = Debug|iPhoneSimulator
		{B5F1EDA7-C056-4BA5-8A5F-F093EDCE76E2}.Debug|iPhoneSimulator.Build.0 = Debug|iPhoneSimulator
		{B5F1EDA7-C056-4BA5-8A5F-F093EDCE76E2}.Debug|iPhoneSimulator.Deploy.0 = Debug|iPhoneSimulator
		{B5F1EDA7-C056-4BA5-8A5F-F093EDCE76E2}.Release|Any CPU.ActiveCfg = Release|iPhone
		{B5F1EDA7-C056-4BA5-8A5F-F093EDCE76E2}.Release|Any CPU.Build.0 = Release|iPhone
		{B5F1EDA7-C056-4BA5-8A5F-F093EDCE76E2}.Release|Any CPU.Deploy.0 = Release|iPhone
		{B5F1EDA7-C056-4BA5-8A5F-F093EDCE76E2}.Release|iPhone.ActiveCfg = Release|iPhone
		{B5F1EDA7-C056-4BA5-8A5F-F093EDCE76E2}.Release|iPhone.Build.0 = Release|iPhone
		{B5F1EDA7-C056-4BA5-8A5F-F093EDCE76E2}.Release|iPhone.Deploy.0 = Release|iPhone
		{B5F1EDA7-C056-4BA5-8A5F-F093EDCE76E2}.Release|iPhoneSimulator.ActiveCfg = Release|iPhoneSimulator
		{B5F1EDA7-C056-4BA5-8A5F-F093EDCE76E2}.Release|iPhoneSimulator.Build.0 = Release|iPhoneSimulator
		{B5F1EDA7-C056-4BA5-8A5F-F093EDCE76E2}.Release|iPhoneSimulator.Deploy.0 = Release|iPhoneSimulator
		{9C9B5ECE-1830-42F8-A0F8-255DE8B05D05}.Debug|Any CPU.ActiveCfg = Debug|Any CPU
		{9C9B5ECE-1830-42F8-A0F8-255DE8B05D05}.Debug|Any CPU.Build.0 = Debug|Any CPU
		{9C9B5ECE-1830-42F8-A0F8-255DE8B05D05}.Debug|Any CPU.Deploy.0 = Debug|Any CPU
		{9C9B5ECE-1830-42F8-A0F8-255DE8B05D05}.Debug|iPhone.ActiveCfg = Debug|Any CPU
		{9C9B5ECE-1830-42F8-A0F8-255DE8B05D05}.Debug|iPhone.Build.0 = Debug|Any CPU
		{9C9B5ECE-1830-42F8-A0F8-255DE8B05D05}.Debug|iPhone.Deploy.0 = Debug|Any CPU
		{9C9B5ECE-1830-42F8-A0F8-255DE8B05D05}.Debug|iPhoneSimulator.ActiveCfg = Debug|Any CPU
		{9C9B5ECE-1830-42F8-A0F8-255DE8B05D05}.Debug|iPhoneSimulator.Build.0 = Debug|Any CPU
		{9C9B5ECE-1830-42F8-A0F8-255DE8B05D05}.Debug|iPhoneSimulator.Deploy.0 = Debug|Any CPU
		{9C9B5ECE-1830-42F8-A0F8-255DE8B05D05}.Release|Any CPU.ActiveCfg = Release|Any CPU
		{9C9B5ECE-1830-42F8-A0F8-255DE8B05D05}.Release|Any CPU.Build.0 = Release|Any CPU
		{9C9B5ECE-1830-42F8-A0F8-255DE8B05D05}.Release|Any CPU.Deploy.0 = Release|Any CPU
		{9C9B5ECE-1830-42F8-A0F8-255DE8B05D05}.Release|iPhone.ActiveCfg = Release|Any CPU
		{9C9B5ECE-1830-42F8-A0F8-255DE8B05D05}.Release|iPhone.Build.0 = Release|Any CPU
		{9C9B5ECE-1830-42F8-A0F8-255DE8B05D05}.Release|iPhone.Deploy.0 = Release|Any CPU
		{9C9B5ECE-1830-42F8-A0F8-255DE8B05D05}.Release|iPhoneSimulator.ActiveCfg = Release|Any CPU
		{9C9B5ECE-1830-42F8-A0F8-255DE8B05D05}.Release|iPhoneSimulator.Build.0 = Release|Any CPU
		{9C9B5ECE-1830-42F8-A0F8-255DE8B05D05}.Release|iPhoneSimulator.Deploy.0 = Release|Any CPU
	EndGlobalSection
	GlobalSection(SolutionProperties) = preSolution
		HideSolutionNode = FALSE
	EndGlobalSection
	GlobalSection(ExtensibilityGlobals) = postSolution
		SolutionGuid = {498A913A-D29B-4FC8-8568-1E29518C59EA}
	EndGlobalSection
EndGlobal
